
Microsoft Visual Studio Solution File, Format Version 12.00
# Visual Studio Version 16
VisualStudioVersion = 16.0.30225.117
MinimumVisualStudioVersion = 10.0.40219.1
Project("{FAE04EC0-301F-11D3-BF4B-00C04F79EFBC}") = "ConsoleApp4", "ConsoleApp4\ConsoleApp4.csproj", "{1472CE70-C49E-43D4-B45B-261DE5954B79}"
EndProject
Global
	GlobalSection(SolutionConfigurationPlatforms) = preSolution
		Debug|Any CPU = Debug|Any CPU
		Release|Any CPU = Release|Any CPU
	EndGlobalSection
	GlobalSection(ProjectConfigurationPlatforms) = postSolution
		{1472CE70-C49E-43D4-B45B-261DE5954B79}.Debug|Any CPU.ActiveCfg = Debug|Any CPU
		{1472CE70-C49E-43D4-B45B-261DE5954B79}.Debug|Any CPU.Build.0 = Debug|Any CPU
		{1472CE70-C49E-43D4-B45B-261DE5954B79}.Release|Any CPU.ActiveCfg = Release|Any CPU
		{1472CE70-C49E-43D4-B45B-261DE5954B79}.Release|Any CPU.Build.0 = Release|Any CPU
	EndGlobalSection
	GlobalSection(SolutionProperties) = preSolution
		HideSolutionNode = FALSE
	EndGlobalSection
	GlobalSection(ExtensibilityGlobals) = postSolution
		SolutionGuid = {A15ED078-1DFE-4EB7-9727-55C854CFC883}
	EndGlobalSection
EndGlobal
